
Microsoft Visual Studio Solution File, Format Version 12.00
# Visual Studio Version 17
VisualStudioVersion = 17.1.32421.90
MinimumVisualStudioVersion = 10.0.40219.1
Project("{FAE04EC0-301F-11D3-BF4B-00C04F79EFBC}") = "ProjectEuler19", "ProjectEuler19\ProjectEuler19.csproj", "{A9822620-AD95-45C9-8896-030646EFABED}"
EndProject
Global
	GlobalSection(SolutionConfigurationPlatforms) = preSolution
		Debug|Any CPU = Debug|Any CPU
		Release|Any CPU = Release|Any CPU
	EndGlobalSection
	GlobalSection(ProjectConfigurationPlatforms) = postSolution
		{A9822620-AD95-45C9-8896-030646EFABED}.Debug|Any CPU.ActiveCfg = Debug|Any CPU
		{A9822620-AD95-45C9-8896-030646EFABED}.Debug|Any CPU.Build.0 = Debug|Any CPU
		{A9822620-AD95-45C9-8896-030646EFABED}.Release|Any CPU.ActiveCfg = Release|Any CPU
		{A9822620-AD95-45C9-8896-030646EFABED}.Release|Any CPU.Build.0 = Release|Any CPU
	EndGlobalSection
	GlobalSection(SolutionProperties) = preSolution
		HideSolutionNode = FALSE
	EndGlobalSection
	GlobalSection(ExtensibilityGlobals) = postSolution
		SolutionGuid = {A1F9EE78-4818-4E96-9AB2-36FE2FB14DDD}
	EndGlobalSection
EndGlobal
